
Microsoft Visual Studio Solution File, Format Version 12.00
# Visual Studio Version 17
VisualStudioVersion = 17.5.33424.131
MinimumVisualStudioVersion = 10.0.40219.1
Project("{9A19103F-16F7-4668-BE54-9A1E7A4F7556}") = "EControl", "EControl.csproj", "{6A8D769B-2CF6-4F45-896D-6645EDA36654}"
EndProject
Global
	GlobalSection(SolutionConfigurationPlatforms) = preSolution
		Debug|Any CPU = Debug|Any CPU
		Release|Any CPU = Release|Any CPU
	EndGlobalSection
	GlobalSection(ProjectConfigurationPlatforms) = postSolution
		{6A8D769B-2CF6-4F45-896D-6645EDA36654}.Debug|Any CPU.ActiveCfg = Debug|Any CPU
		{6A8D769B-2CF6-4F45-896D-6645EDA36654}.Debug|Any CPU.Build.0 = Debug|Any CPU
		{6A8D769B-2CF6-4F45-896D-6645EDA36654}.Release|Any CPU.ActiveCfg = Release|Any CPU
		{6A8D769B-2CF6-4F45-896D-6645EDA36654}.Release|Any CPU.Build.0 = Release|Any CPU
	EndGlobalSection
	GlobalSection(SolutionProperties) = preSolution
		HideSolutionNode = FALSE
	EndGlobalSection
	GlobalSection(ExtensibilityGlobals) = postSolution
		SolutionGuid = {60FD121C-9F93-472F-9770-3ECB8909DF6A}
	EndGlobalSection
EndGlobal
